<?xml version="1.0" encoding="utf-8"?>
<Project ToolsVersion="4.0" xmlns="http://schemas.microsoft.com/developer/msbuild/2003">
  <ItemGroup>
    <Filter Include="source">
      <UniqueIdentifier>{d7dfdd0e-5c63-44ea-a789-7e0dae921c37}</UniqueIdentifier>
    </Filter>
  </ItemGroup>
  <ItemGroup>
    <ClCompile Include="..\..\source\SBasicConverter.cpp">
      <Filter>source</Filter>
    </ClCompile>
    <ClCompile Include="..\..\source\FileData.cpp">
      <Filter>source</Filter>
    </ClCompile>
    <ClCompile Include="..\..\source\Format.cpp">
      <Filter>source</Filter>
    </ClCompile>
    <ClCompile Include="..\..\source\MZ1Z002.cpp">
      <Filter>source</Filter>
    </ClCompile>
  </ItemGroup>
  <ItemGroup>
    <ClInclude Include="..\..\source\FileData.hpp">
      <Filter>source</Filter>
    </ClInclude>
    <ClInclude Include="..\..\source\Format.hpp">
      <Filter>source</Filter>
    </ClInclude>
    <ClInclude Include="..\..\source\BasicCode.h">
      <Filter>source</Filter>
    </ClInclude>
    <ClInclude Include="..\..\source\MZ1Z002.hpp">
      <Filter>source</Filter>
    </ClInclude>
  </ItemGroup>
</Project>